
Microsoft Visual Studio Solution File, Format Version 12.00
# Visual Studio 2015
Project("{FAE04EC0-301F-11D3-BF4B-00C04F79EFBC}") = "KinectVR.Plugins", "KinectVR.Plugins.csproj", "{6E7F2699-07BB-E5E9-5C98-7FA67E95F9DA}"
EndProject
Project("{FAE04EC0-301F-11D3-BF4B-00C04F79EFBC}") = "KinectVR", "KinectVR.csproj", "{EB042390-1CB4-8CEE-6E24-A3B2E43DCA3F}"
EndProject
Project("{FAE04EC0-301F-11D3-BF4B-00C04F79EFBC}") = "KinectVR.Editor.Plugins", "KinectVR.Editor.Plugins.csproj", "{F79D6034-DB49-5D1F-5792-F068ACEAD7AE}"
EndProject
Project("{FAE04EC0-301F-11D3-BF4B-00C04F79EFBC}") = "KinectVR.Editor", "KinectVR.Editor.csproj", "{FF981B9A-E67C-162D-4885-EAC4A86CD1CD}"
EndProject
Global
	GlobalSection(SolutionConfigurationPlatforms) = preSolution
		Debug|Any CPU = Debug|Any CPU
		Release|Any CPU = Release|Any CPU
	EndGlobalSection
	GlobalSection(ProjectConfigurationPlatforms) = postSolution
		{6E7F2699-07BB-E5E9-5C98-7FA67E95F9DA}.Debug|Any CPU.ActiveCfg = Debug|Any CPU
		{6E7F2699-07BB-E5E9-5C98-7FA67E95F9DA}.Debug|Any CPU.Build.0 = Debug|Any CPU
		{6E7F2699-07BB-E5E9-5C98-7FA67E95F9DA}.Release|Any CPU.ActiveCfg = Release|Any CPU
		{6E7F2699-07BB-E5E9-5C98-7FA67E95F9DA}.Release|Any CPU.Build.0 = Release|Any CPU
		{EB042390-1CB4-8CEE-6E24-A3B2E43DCA3F}.Debug|Any CPU.ActiveCfg = Debug|Any CPU
		{EB042390-1CB4-8CEE-6E24-A3B2E43DCA3F}.Debug|Any CPU.Build.0 = Debug|Any CPU
		{EB042390-1CB4-8CEE-6E24-A3B2E43DCA3F}.Release|Any CPU.ActiveCfg = Release|Any CPU
		{EB042390-1CB4-8CEE-6E24-A3B2E43DCA3F}.Release|Any CPU.Build.0 = Release|Any CPU
		{F79D6034-DB49-5D1F-5792-F068ACEAD7AE}.Debug|Any CPU.ActiveCfg = Debug|Any CPU
		{F79D6034-DB49-5D1F-5792-F068ACEAD7AE}.Debug|Any CPU.Build.0 = Debug|Any CPU
		{F79D6034-DB49-5D1F-5792-F068ACEAD7AE}.Release|Any CPU.ActiveCfg = Release|Any CPU
		{F79D6034-DB49-5D1F-5792-F068ACEAD7AE}.Release|Any CPU.Build.0 = Release|Any CPU
		{FF981B9A-E67C-162D-4885-EAC4A86CD1CD}.Debug|Any CPU.ActiveCfg = Debug|Any CPU
		{FF981B9A-E67C-162D-4885-EAC4A86CD1CD}.Debug|Any CPU.Build.0 = Debug|Any CPU
		{FF981B9A-E67C-162D-4885-EAC4A86CD1CD}.Release|Any CPU.ActiveCfg = Release|Any CPU
		{FF981B9A-E67C-162D-4885-EAC4A86CD1CD}.Release|Any CPU.Build.0 = Release|Any CPU
	EndGlobalSection
	GlobalSection(SolutionProperties) = preSolution
		HideSolutionNode = FALSE
	EndGlobalSection
EndGlobal
